{
    "name": "agentic-actions-laravel",
    "lockfileVersion": 3,
    "requires": true,
    "packages": {
        "": {
            "name": "agentic-actions-laravel",
            "workspaces": [
                "js"
            ],
            "devDependencies": {
                "@inertiajs/core": "3.7.0",
                "@inertiajs/react": "3.7.0",
                "@types/react": "^19.0.0",
                "ai": "7.0.114",
                "react": "^19.0.0",
                "react-dom": "^19.0.0",
                "typescript": "~5.9.3"
            }
        },
        "js": {
            "name": "@agentic-actions/client",
            "version": "0.9.0-beta.3",
            "license": "MIT",
            "engines": {
                "node": ">=22.3"
            },
            "peerDependencies": {
                "@inertiajs/core": "^3.0",
                "@inertiajs/react": "^3.0",
                "ai": "^7.0",
                "react": "^19.0",
                "react-dom": "^19.0"
            },
            "peerDependenciesMeta": {
                "@inertiajs/core": {
                    "optional": true
                },
                "@inertiajs/react": {
                    "optional": true
                },
                "ai": {
                    "optional": true
                },
                "react": {
                    "optional": true
                },
                "react-dom": {
                    "optional": true
                }
            }
        },
        "node_modules/@agentic-actions/client": {
            "resolved": "js",
            "link": true
        },
        "node_modules/@ai-sdk/gateway": {
            "version": "4.0.92",
            "resolved": "https://registry.npmjs.org/@ai-sdk/gateway/-/gateway-4.0.92.tgz",
            "integrity": "sha512-awX24+QedfcIDTAdwkCUNG08vPJjkQI9KZLGh4Ua+vNbgeaNFJre96OIbBefOD9XPHSVpdXjwqtWmo4Yh7oczw==",
            "devOptional": true,
            "license": "Apache-2.0",
            "dependencies": {
                "@ai-sdk/provider": "4.0.18",
                "@ai-sdk/provider-utils": "5.0.47",
                "@vercel/oidc": "3.2.0"
            },
            "engines": {
                "node": ">=22"
            },
            "peerDependencies": {
                "zod": "^3.25.76 || ^4.1.8"
            }
        },
        "node_modules/@ai-sdk/provider": {
            "version": "4.0.18",
            "resolved": "https://registry.npmjs.org/@ai-sdk/provider/-/provider-4.0.18.tgz",
            "integrity": "sha512-+GZJIgz1jk86pwEbb3f1BD2bdoSKyWE4Jg4YUc7NMnMozbWemSKYZcw2F4nMaO5qwsL5A8RmioAKW81YktRpIQ==",
            "devOptional": true,
            "license": "Apache-2.0",
            "dependencies": {
                "json-schema": "^0.4.0"
            },
            "engines": {
                "node": ">=22"
            }
        },
        "node_modules/@ai-sdk/provider-utils": {
            "version": "5.0.47",
            "resolved": "https://registry.npmjs.org/@ai-sdk/provider-utils/-/provider-utils-5.0.47.tgz",
            "integrity": "sha512-NZQ1hMxY6Hd4ZiinjpU5HUOsyCHiTFkHw7AiM1EVN+Cd3kNTi47flZWNvFwGqnBojntB1+2eBRTeHRuVLtPhEg==",
            "devOptional": true,
            "license": "Apache-2.0",
            "dependencies": {
                "@ai-sdk/provider": "4.0.18",
                "@standard-schema/spec": "^1.1.0",
                "@workflow/serde": "4.1.0",
                "eventsource-parser": "^3.0.8",
                "undici": "^7.29.0"
            },
            "engines": {
                "node": ">=22"
            },
            "peerDependencies": {
                "zod": "^3.25.76 || ^4.1.8"
            }
        },
        "node_modules/@inertiajs/core": {
            "version": "3.7.0",
            "resolved": "https://registry.npmjs.org/@inertiajs/core/-/core-3.7.0.tgz",
            "integrity": "sha512-JzysXTPsOpKcnR7ohwpgKE+UWBrKwW7z23DydWHSxjfQ02tJAKmNnZJAxnX7zH3zUSTqbtPge6QC8XhvfjNXmw==",
            "devOptional": true,
            "license": "MIT",
            "dependencies": {
                "@jridgewell/trace-mapping": "^0.3.31",
                "es-toolkit": "^1.33.0",
                "laravel-precognition": "^2.0.0"
            },
            "peerDependencies": {
                "axios": "^1.15.2"
            },
            "peerDependenciesMeta": {
                "axios": {
                    "optional": true
                }
            }
        },
        "node_modules/@inertiajs/react": {
            "version": "3.7.0",
            "resolved": "https://registry.npmjs.org/@inertiajs/react/-/react-3.7.0.tgz",
            "integrity": "sha512-rc/TsVT7ihDk+cMeCuU3BjdUfTq6HJwXqGy7oPaysLQCeyfhIaP2QgExo5R1QSCFIwl9un0MeZnzTOG+i38jLw==",
            "devOptional": true,
            "license": "MIT",
            "dependencies": {
                "@inertiajs/core": "3.7.0",
                "es-toolkit": "^1.33.0",
                "laravel-precognition": "^2.0.0"
            },
            "peerDependencies": {
                "react": "^19.0.0",
                "react-dom": "^19.0.0"
            }
        },
        "node_modules/@jridgewell/resolve-uri": {
            "version": "3.1.2",
            "resolved": "https://registry.npmjs.org/@jridgewell/resolve-uri/-/resolve-uri-3.1.2.tgz",
            "integrity": "sha512-bRISgCIjP20/tbWSPWMEi54QVPRZExkuD9lJL+UIxUKtwVJA8wW1Trb1jMs1RFXo1CBTNZ/5hpC9QvmKWdopKw==",
            "devOptional": true,
            "license": "MIT",
            "engines": {
                "node": ">=6.0.0"
            }
        },
        "node_modules/@jridgewell/sourcemap-codec": {
            "version": "1.6.0",
            "resolved": "https://registry.npmjs.org/@jridgewell/sourcemap-codec/-/sourcemap-codec-1.6.0.tgz",
            "integrity": "sha512-T7jf+5zgsZHwNJ4lvQ7/aezbyk0nNX+zJVWpmHA7VYsEx7a7qr5Rg5IbtJFqkgze5Y2sruq1RUY8Q837Od7iFw==",
            "devOptional": true,
            "license": "MIT"
        },
        "node_modules/@jridgewell/trace-mapping": {
            "version": "0.3.31",
            "resolved": "https://registry.npmjs.org/@jridgewell/trace-mapping/-/trace-mapping-0.3.31.tgz",
            "integrity": "sha512-zzNR+SdQSDJzc8joaeP8QQoCQr8NuYx2dIIytl1QeBEZHJ9uW6hebsrYgbz8hJwUQao3TWCMtmfV8Nu1twOLAw==",
            "devOptional": true,
            "license": "MIT",
            "dependencies": {
                "@jridgewell/resolve-uri": "^3.1.0",
                "@jridgewell/sourcemap-codec": "^1.4.14"
            }
        },
        "node_modules/@standard-schema/spec": {
            "version": "1.1.0",
            "resolved": "https://registry.npmjs.org/@standard-schema/spec/-/spec-1.1.0.tgz",
            "integrity": "sha512-l2aFy5jALhniG5HgqrD6jXLi/rUWrKvqN/qJx6yoJsgKhblVd+iqqU4RCXavm/jPityDo5TCvKMnpjKnOriy0w==",
            "devOptional": true,
            "license": "MIT"
        },
        "node_modules/@types/react": {
            "version": "19.3.0",
            "resolved": "https://registry.npmjs.org/@types/react/-/react-19.3.0.tgz",
            "integrity": "sha512-N0rFCuH9YoxG9/m61l9MfpJKfmLOVU0em7ipIz6TRgSSkvReLB9vL85GB+yr8Bs5leqpvg96JSwF4ZS1s4viQg==",
            "dev": true,
            "license": "MIT",
            "dependencies": {
                "csstype": "^3.2.2"
            }
        },
        "node_modules/@vercel/oidc": {
            "version": "3.2.0",
            "resolved": "https://registry.npmjs.org/@vercel/oidc/-/oidc-3.2.0.tgz",
            "integrity": "sha512-UycprH3T6n3jH0k44NHMa7pnFHGu/N05MjojYr+Mc6I7obkoLIJujSWwin1pCvdy/eOxrI/l3uDLQsmcrOb4ug==",
            "devOptional": true,
            "license": "Apache-2.0",
            "engines": {
                "node": ">= 20"
            }
        },
        "node_modules/@workflow/serde": {
            "version": "4.1.0",
            "resolved": "https://registry.npmjs.org/@workflow/serde/-/serde-4.1.0.tgz",
            "integrity": "sha512-pav4F2BoirECWR7Nf1TKt+2eETcBj7jj4cBefQ8VXQCA6NPkaKeLfj/zMgi+3zYV5ZIBT4GuUiphsj0/b9hPQQ==",
            "devOptional": true,
            "license": "Apache-2.0"
        },
        "node_modules/ai": {
            "version": "7.0.114",
            "resolved": "https://registry.npmjs.org/ai/-/ai-7.0.114.tgz",
            "integrity": "sha512-jRMOw7tPMWVYomoHWY5xHBXPQDyKTY1Pn3BX0Rh39UOP6y9FYq6xCIB6khgIC/b9CRg4+IxadwIbie+Eu7yU3g==",
            "devOptional": true,
            "license": "Apache-2.0",
            "dependencies": {
                "@ai-sdk/gateway": "4.0.92",
                "@ai-sdk/provider": "4.0.18",
                "@ai-sdk/provider-utils": "5.0.47"
            },
            "engines": {
                "node": ">=22"
            },
            "peerDependencies": {
                "zod": "^3.25.76 || ^4.1.8"
            }
        },
        "node_modules/csstype": {
            "version": "3.2.3",
            "resolved": "https://registry.npmjs.org/csstype/-/csstype-3.2.3.tgz",
            "integrity": "sha512-z1HGKcYy2xA8AGQfwrn0PAy+PB7X/GSj3UVJW9qKyn43xWa+gl5nXmU4qqLMRzWVLFC8KusUX8T/0kCiOYpAIQ==",
            "dev": true,
            "license": "MIT"
        },
        "node_modules/es-toolkit": {
            "version": "1.52.0",
            "resolved": "https://registry.npmjs.org/es-toolkit/-/es-toolkit-1.52.0.tgz",
            "integrity": "sha512-XTNEJQh1tY1ZJVcf6ayP/2n4ZPyaHlW2FWs7xvw5ddPuhUVjLD3olQVQS7kf58JbAB48iL0uL/jerTrjtV3lDA==",
            "devOptional": true,
            "license": "MIT",
            "workspaces": [
                "docs",
                "benchmarks",
                "tests/types",
                "tests/browser-compat"
            ]
        },
        "node_modules/eventsource-parser": {
            "version": "3.1.1",
            "resolved": "https://registry.npmjs.org/eventsource-parser/-/eventsource-parser-3.1.1.tgz",
            "integrity": "sha512-EKN1vKAMcZ8MlYMpaNuxN6R9yakzH6uajHcHVTqWJzvu5pWw9DyhbP35HH8MVBQ+dZjAfDxk+A8NiR9KWaXiyQ==",
            "devOptional": true,
            "license": "MIT",
            "engines": {
                "node": ">=18.0.0"
            }
        },
        "node_modules/json-schema": {
            "version": "0.4.0",
            "resolved": "https://registry.npmjs.org/json-schema/-/json-schema-0.4.0.tgz",
            "integrity": "sha512-es94M3nTIfsEPisRafak+HDLfHXnKBhV3vU5eqPcS3flIWqcxJWgXHXiey3YrpaNsanY5ei1VoYEbOzijuq9BA==",
            "devOptional": true,
            "license": "(AFL-2.1 OR BSD-3-Clause)"
        },
        "node_modules/laravel-precognition": {
            "version": "2.0.0",
            "resolved": "https://registry.npmjs.org/laravel-precognition/-/laravel-precognition-2.0.0.tgz",
            "integrity": "sha512-dmA4HGc9m+TsVNsJs9/XQBI8u6j7coilN+qKkBuhuXQzH3HypwS/c5dFQ4UqUGjBbcxIM7zdk91kM/SRZwIvWQ==",
            "devOptional": true,
            "license": "MIT",
            "dependencies": {
                "es-toolkit": "^1.32.0"
            },
            "peerDependencies": {
                "axios": "^1.4.0"
            },
            "peerDependenciesMeta": {
                "axios": {
                    "optional": true
                }
            }
        },
        "node_modules/react": {
            "version": "19.3.0",
            "resolved": "https://registry.npmjs.org/react/-/react-19.3.0.tgz",
            "integrity": "sha512-E8LUcbtBWt20bbl2YoHfx4ZDBdxVTfOKtCZn9cDSJ4l6/nuoApcpIBcj47t2wZoVX8g2ZHuMHbiShgCR1T5Sog==",
            "devOptional": true,
            "license": "MIT",
            "engines": {
                "node": ">=0.10.0"
            }
        },
        "node_modules/react-dom": {
            "version": "19.3.0",
            "resolved": "https://registry.npmjs.org/react-dom/-/react-dom-19.3.0.tgz",
            "integrity": "sha512-JDk8dgif51OjFoDE70+OT9ICyYr+69HlmihNwp1+Nsfbna3t5sIiCa9ZJktDmQ4/1b/rn26hIAR2uYXDMr5r0Q==",
            "devOptional": true,
            "license": "MIT",
            "dependencies": {
                "scheduler": "^0.28.0"
            },
            "peerDependencies": {
                "react": "^19.3.0"
            }
        },
        "node_modules/scheduler": {
            "version": "0.28.0",
            "resolved": "https://registry.npmjs.org/scheduler/-/scheduler-0.28.0.tgz",
            "integrity": "sha512-juorfCmIkIw8tT+p5BXSm6PJjQF/ycEYmKyzURCIt/RaZIhL+PulbQ9Yu2z1HdOJDdqDTlxA1+xKBmHXJsczAw==",
            "devOptional": true,
            "license": "MIT"
        },
        "node_modules/typescript": {
            "version": "5.9.3",
            "resolved": "https://registry.npmjs.org/typescript/-/typescript-5.9.3.tgz",
            "integrity": "sha512-jl1vZzPDinLr9eUt3J/t7V6FgNEw9QjvBPdysz9KfQDD41fQrC2Y4vKQdiaUpFT4bXlb1RHhLpp8wtm6M5TgSw==",
            "dev": true,
            "license": "Apache-2.0",
            "bin": {
                "tsc": "bin/tsc",
                "tsserver": "bin/tsserver"
            },
            "engines": {
                "node": ">=14.17"
            }
        },
        "node_modules/undici": {
            "version": "7.29.1",
            "resolved": "https://registry.npmjs.org/undici/-/undici-7.29.1.tgz",
            "integrity": "sha512-RYONW2MeafgYlkVOKYKkA/Ag7BmXqgIWCa8t1m0JcxrQg9pI9lEqRhAOruOBCbAohOa/gkCF+iPi9hrgvTzu6Q==",
            "devOptional": true,
            "license": "MIT",
            "engines": {
                "node": ">=20.18.1"
            }
        },
        "node_modules/zod": {
            "version": "4.6.5",
            "resolved": "https://registry.npmjs.org/zod/-/zod-4.6.5.tgz",
            "integrity": "sha512-v5l/aFXZQeai4awLbOpSoHecE9UiMrnfx75tEXLjNonXVARxQ5mOeipTjROUchszUNCqnE+hqAMujRsRHsut2Q==",
            "devOptional": true,
            "license": "MIT",
            "peer": true,
            "funding": {
                "url": "https://github.com/sponsors/colinhacks"
            }
        }
    }
}
